{
    "name": "@yoshimatsu567/return-length",
    "version": "0.0.1",
    "lockfileVersion": 2,
    "requires": true,
    "packages": {
        "": {
            "name": "@yoshimatsu567/return-length",
            "version": "0.0.1",
            "license": "UNLICENSED",
            "dependencies": {
                "@yoshimatsu567/return-length": "^0.0.1"
            },
            "devDependencies": {
                "typescript": "^4.7.0"
            }
        },
        "node_modules/@yoshimatsu567/return-length": {
            "version": "0.0.1",
            "resolved": "https://registry.npmjs.org/@yoshimatsu567/return-length/-/return-length-0.0.1.tgz",
            "integrity": "sha512-IUucTaOQFgRJUR0LbO0OLsW0o1I29nyIkeygiB75m7+t1Uebmxa5JKCakxFlymvbt4aglYs5HiupQP1NCNeTAQ=="
        },
        "node_modules/typescript": {
            "version": "4.7.4",
            "resolved": "https://registry.npmjs.org/typescript/-/typescript-4.7.4.tgz",
            "integrity": "sha512-C0WQT0gezHuw6AdY1M2jxUO83Rjf0HP7Sk1DtXj6j1EwkQNZrHAg2XPWlq62oqEhYvONq5pkC2Y9oPljWToLmQ==",
            "dev": true,
            "license": "Apache-2.0",
            "bin": {
                "tsc": "bin/tsc",
                "tsserver": "bin/tsserver"
            },
            "engines": {
                "node": ">=4.2.0"
            }
        }
    },
    "dependencies": {
        "@yoshimatsu567/return-length": {
            "version": "0.0.1",
            "resolved": "https://registry.npmjs.org/@yoshimatsu567/return-length/-/return-length-0.0.1.tgz",
            "integrity": "sha512-IUucTaOQFgRJUR0LbO0OLsW0o1I29nyIkeygiB75m7+t1Uebmxa5JKCakxFlymvbt4aglYs5HiupQP1NCNeTAQ=="
        },
        "typescript": {
            "version": "4.7.4",
            "resolved": "https://registry.npmjs.org/typescript/-/typescript-4.7.4.tgz",
            "integrity": "sha512-C0WQT0gezHuw6AdY1M2jxUO83Rjf0HP7Sk1DtXj6j1EwkQNZrHAg2XPWlq62oqEhYvONq5pkC2Y9oPljWToLmQ==",
            "dev": true
        }
    }
}
